
Microsoft Visual Studio Solution File, Format Version 12.00
# Visual Studio Version 16
VisualStudioVersion = 16.0.30223.230
MinimumVisualStudioVersion = 10.0.40219.1
Project("{9A19103F-16F7-4668-BE54-9A1E7A4F7556}") = "Paco", "Paco\Paco.csproj", "{3EA26C19-D2CF-4639-88C7-857CA636145B}"
EndProject
Global
	GlobalSection(SolutionConfigurationPlatforms) = preSolution
		Debug|Any CPU = Debug|Any CPU
		Release|Any CPU = Release|Any CPU
	EndGlobalSection
	GlobalSection(ProjectConfigurationPlatforms) = postSolution
		{3EA26C19-D2CF-4639-88C7-857CA636145B}.Debug|Any CPU.ActiveCfg = Debug|Any CPU
		{3EA26C19-D2CF-4639-88C7-857CA636145B}.Debug|Any CPU.Build.0 = Debug|Any CPU
		{3EA26C19-D2CF-4639-88C7-857CA636145B}.Release|Any CPU.ActiveCfg = Release|Any CPU
		{3EA26C19-D2CF-4639-88C7-857CA636145B}.Release|Any CPU.Build.0 = Release|Any CPU
	EndGlobalSection
	GlobalSection(SolutionProperties) = preSolution
		HideSolutionNode = FALSE
	EndGlobalSection
	GlobalSection(ExtensibilityGlobals) = postSolution
		SolutionGuid = {DA7E9588-47E1-4E33-8D3F-519224E464A7}
	EndGlobalSection
EndGlobal
